cookbook 'build-essential', :locked_version => '1.1.0'
cookbook 'apt', :locked_version => '1.4.8'
cookbook 'curl', :locked_version => '1.1.0'
cookbook 'vim', :locked_version => '1.0.2'
cookbook 'git', :locked_version => '1.0.0'
cookbook 'monit', :locked_version => '0.7.0'
cookbook 'nginx', :locked_version => '1.0.2'
cookbook 'haproxy', :locked_version => '1.0.4'
cookbook 'postgresql', :git => 'git://github.com/vhyza/postgresql.git', :ref => '3215756667d3db5eea73329e993cebe76d575ee6'
cookbook 'redisio', :git => 'git://github.com/vhyza/redisio.git', :ref => 'b63a6250533a071009678f56dd452fbb0283f7ec'
cookbook 'java', :locked_version => '1.5.4'
cookbook 'elasticsearch', :git => 'git://github.com/karmi/cookbook-elasticsearch.git', :ref => '88792fcd1b229de8a471f4381e36f6a2433cf66b'
cookbook 'runit', :locked_version => '0.15.0'
cookbook 'yum', :locked_version => '0.8.0'
cookbook 'dmg', :locked_version => '1.0.0'
cookbook 'bluepill', :locked_version => '1.1.0'
cookbook 'ohai', :locked_version => '1.1.2'
cookbook 'openssl', :locked_version => '1.0.0'
cookbook 'ark', :locked_version => '0.0.11'